
Microsoft Visual Studio Solution File, Format Version 12.00
# Visual Studio Version 17
VisualStudioVersion = 17.9.34607.119
MinimumVisualStudioVersion = 10.0.40219.1
Project("{FAE04EC0-301F-11D3-BF4B-00C04F79EFBC}") = "DemonWCFProject", "DemonWCFProject\DemonWCFProject.csproj", "{333E27AF-7988-41C6-81E5-CE6BBBAD9607}"
EndProject
Project("{FAE04EC0-301F-11D3-BF4B-00C04F79EFBC}") = "ForWCF", "ForWCF\ForWCF.csproj", "{340D5B05-46B5-4BD0-B26C-A00055621424}"
	ProjectSection(ProjectDependencies) = postProject
		{333E27AF-7988-41C6-81E5-CE6BBBAD9607} = {333E27AF-7988-41C6-81E5-CE6BBBAD9607}
	EndProjectSection
EndProject
Global
	GlobalSection(SolutionConfigurationPlatforms) = preSolution
		Debug|Any CPU = Debug|Any CPU
		Release|Any CPU = Release|Any CPU
	EndGlobalSection
	GlobalSection(ProjectConfigurationPlatforms) = postSolution
		{333E27AF-7988-41C6-81E5-CE6BBBAD9607}.Debug|Any CPU.ActiveCfg = Debug|Any CPU
		{333E27AF-7988-41C6-81E5-CE6BBBAD9607}.Debug|Any CPU.Build.0 = Debug|Any CPU
		{333E27AF-7988-41C6-81E5-CE6BBBAD9607}.Release|Any CPU.ActiveCfg = Release|Any CPU
		{333E27AF-7988-41C6-81E5-CE6BBBAD9607}.Release|Any CPU.Build.0 = Release|Any CPU
		{340D5B05-46B5-4BD0-B26C-A00055621424}.Debug|Any CPU.ActiveCfg = Debug|Any CPU
		{340D5B05-46B5-4BD0-B26C-A00055621424}.Debug|Any CPU.Build.0 = Debug|Any CPU
		{340D5B05-46B5-4BD0-B26C-A00055621424}.Release|Any CPU.ActiveCfg = Release|Any CPU
		{340D5B05-46B5-4BD0-B26C-A00055621424}.Release|Any CPU.Build.0 = Release|Any CPU
	EndGlobalSection
	GlobalSection(SolutionProperties) = preSolution
		HideSolutionNode = FALSE
	EndGlobalSection
	GlobalSection(ExtensibilityGlobals) = postSolution
		SolutionGuid = {F8A27B8D-FB76-4ABD-9C07-6F32B258E118}
	EndGlobalSection
EndGlobal
